[[package]]
name = "certifi"
version = "2022.6.15"
description = "Python package for providing Mozilla's CA Bundle."
category = "main"
optional = false
python-versions = ">=3.6"

[[package]]
name = "elastic-transport"
version = "8.1.2"
description = "Transport classes and utilities shared among Python Elastic client libraries"
category = "main"
optional = false
python-versions = ">=3.6"

[package.dependencies]
certifi = "*"
urllib3 = ">=1.26.2,<2"

[package.extras]
develop = ["pytest", "pytest-cov", "pytest-mock", "pytest-asyncio", "pytest-httpserver", "trustme", "mock", "requests", "aiohttp"]

[[package]]
name = "elasticsearch"
version = "8.2.3"
description = "Python client for Elasticsearch"
category = "main"
optional = false
python-versions = ">=3.6, <4"

[package.dependencies]
elastic-transport = ">=8,<9"

[package.extras]
async = ["aiohttp (>=3,<4)"]
requests = ["requests (>=2.4.0,<3.0.0)"]

[[package]]
name = "urllib3"
version = "1.26.9"
description = "HTTP library with thread-safe connection pooling, file post, and more."
category = "main"
optional = false
python-versions = ">=2.7, !=3.0.*, !=3.1.*, !=3.2.*, !=3.3.*, !=3.4.*, <4"

[package.extras]
brotli = ["brotlicffi (>=0.8.0)", "brotli (>=1.0.9)", "brotlipy (>=0.6.0)"]
secure = ["pyOpenSSL (>=0.14)", "cryptography (>=1.3.4)", "idna (>=2.0.0)", "certifi", "ipaddress"]
socks = ["PySocks (>=1.5.6,!=1.5.7,<2.0)"]

[metadata]
lock-version = "1.1"
python-versions = "^3.8"
content-hash = "73a5bff1a3755499c4e1a5318617032d28e27cbdfe57b4a649ee02c8446de0dd"

[metadata.files]
certifi = [
    {file = "certifi-2022.6.15-py3-none-any.whl", hash = "sha256:fe86415d55e84719d75f8b69414f6438ac3547d2078ab91b67e779ef69378412"},
    {file = "certifi-2022.6.15.tar.gz", hash = "sha256:84c85a9078b11105f04f3036a9482ae10e4621616db313fe045dd24743a0820d"},
]
elastic-transport = [
    {file = "elastic-transport-8.1.2.tar.gz", hash = "sha256:869f7d668fb7738776639053fc87499caacbd1bdc7819f0de8025ac0e6cb29ce"},
    {file = "elastic_transport-8.1.2-py3-none-any.whl", hash = "sha256:10914d0c5c268d9dcfee02cfbef861382d098309ba4eedab820062841bd214b3"},
]
elasticsearch = [
    {file = "elasticsearch-8.2.3-py3-none-any.whl", hash = "sha256:c0e1f72f09c41cbf61e9e953d016440e8873f38749297c0b8a2b2fcfe2aaaaf7"},
    {file = "elasticsearch-8.2.3.tar.gz", hash = "sha256:b48629c109cf1467ef0c4fce7345615cb1bb8955f30e3a013fc8e640e7720076"},
]
urllib3 = [
    {file = "urllib3-1.26.9-py2.py3-none-any.whl", hash = "sha256:44ece4d53fb1706f667c9bd1c648f5469a2ec925fcf3a776667042d645472c14"},
    {file = "urllib3-1.26.9.tar.gz", hash = "sha256:aabaf16477806a5e1dd19aa41f8c2b7950dd3c746362d7e3223dbe6de6ac448e"},
]
